
Microsoft Visual Studio Solution File, Format Version 12.00
# Visual Studio Version 16
VisualStudioVersion = 16.0.31624.102
MinimumVisualStudioVersion = 10.0.40219.1
Project("{FAE04EC0-301F-11D3-BF4B-00C04F79EFBC}") = "Alarm501-GUI", "Alarm501-GUI\Alarm501-GUI.csproj", "{1BFA4903-E70E-4C78-8DE0-AAEA5869DCFD}"
	ProjectSection(ProjectDependencies) = postProject
		{06E81BEB-BF5A-4585-8B7B-9934EB5D70C5} = {06E81BEB-BF5A-4585-8B7B-9934EB5D70C5}
	EndProjectSection
EndProject
Project("{FAE04EC0-301F-11D3-BF4B-00C04F79EFBC}") = "Alarm501-Console", "Alarm501-Console\Alarm501-Console.csproj", "{1938FC6F-CD0D-4F14-B518-E1A433338648}"
	ProjectSection(ProjectDependencies) = postProject
		{06E81BEB-BF5A-4585-8B7B-9934EB5D70C5} = {06E81BEB-BF5A-4585-8B7B-9934EB5D70C5}
	EndProjectSection
EndProject
Project("{FAE04EC0-301F-11D3-BF4B-00C04F79EFBC}") = "Alarm501-Library", "Alarm501-Library\Alarm501-Library.csproj", "{06E81BEB-BF5A-4585-8B7B-9934EB5D70C5}"
EndProject
Global
	GlobalSection(SolutionConfigurationPlatforms) = preSolution
		Debug|Any CPU = Debug|Any CPU
		Release|Any CPU = Release|Any CPU
	EndGlobalSection
	GlobalSection(ProjectConfigurationPlatforms) = postSolution
		{1BFA4903-E70E-4C78-8DE0-AAEA5869DCFD}.Debug|Any CPU.ActiveCfg = Debug|Any CPU
		{1BFA4903-E70E-4C78-8DE0-AAEA5869DCFD}.Debug|Any CPU.Build.0 = Debug|Any CPU
		{1BFA4903-E70E-4C78-8DE0-AAEA5869DCFD}.Release|Any CPU.ActiveCfg = Release|Any CPU
		{1BFA4903-E70E-4C78-8DE0-AAEA5869DCFD}.Release|Any CPU.Build.0 = Release|Any CPU
		{1938FC6F-CD0D-4F14-B518-E1A433338648}.Debug|Any CPU.ActiveCfg = Debug|Any CPU
		{1938FC6F-CD0D-4F14-B518-E1A433338648}.Debug|Any CPU.Build.0 = Debug|Any CPU
		{1938FC6F-CD0D-4F14-B518-E1A433338648}.Release|Any CPU.ActiveCfg = Release|Any CPU
		{1938FC6F-CD0D-4F14-B518-E1A433338648}.Release|Any CPU.Build.0 = Release|Any CPU
		{06E81BEB-BF5A-4585-8B7B-9934EB5D70C5}.Debug|Any CPU.ActiveCfg = Debug|Any CPU
		{06E81BEB-BF5A-4585-8B7B-9934EB5D70C5}.Debug|Any CPU.Build.0 = Debug|Any CPU
		{06E81BEB-BF5A-4585-8B7B-9934EB5D70C5}.Release|Any CPU.ActiveCfg = Release|Any CPU
		{06E81BEB-BF5A-4585-8B7B-9934EB5D70C5}.Release|Any CPU.Build.0 = Release|Any CPU
	EndGlobalSection
	GlobalSection(SolutionProperties) = preSolution
		HideSolutionNode = FALSE
	EndGlobalSection
	GlobalSection(ExtensibilityGlobals) = postSolution
		SolutionGuid = {08EB0D6E-555B-4C3B-BC3D-F4402D70D7A6}
	EndGlobalSection
EndGlobal
